
Microsoft Visual Studio Solution File, Format Version 12.00
# Visual Studio 15
VisualStudioVersion = 15.0.28307.539
MinimumVisualStudioVersion = 10.0.40219.1
Project("{9A19103F-16F7-4668-BE54-9A1E7A4F7556}") = "FR.Api", "FR\FR.Api.csproj", "{4641662A-3AFC-423A-9ADB-CD20E06A23BB}"
EndProject
Project("{9A19103F-16F7-4668-BE54-9A1E7A4F7556}") = "FR.Domain", "FR.Domain\FR.Domain.csproj", "{B908A9A7-E194-405A-877D-CA044C7B83DD}"
EndProject
Project("{9A19103F-16F7-4668-BE54-9A1E7A4F7556}") = "FR.Infrastructure", "FR.Infrastructure\FR.Infrastructure.csproj", "{C82B6B48-EE7A-41B3-BEB7-489071CB58F9}"
EndProject
Global
	GlobalSection(SolutionConfigurationPlatforms) = preSolution
		Debug|Any CPU = Debug|Any CPU
		Release|Any CPU = Release|Any CPU
	EndGlobalSection
	GlobalSection(ProjectConfigurationPlatforms) = postSolution
		{4641662A-3AFC-423A-9ADB-CD20E06A23BB}.Debug|Any CPU.ActiveCfg = Debug|Any CPU
		{4641662A-3AFC-423A-9ADB-CD20E06A23BB}.Debug|Any CPU.Build.0 = Debug|Any CPU
		{4641662A-3AFC-423A-9ADB-CD20E06A23BB}.Release|Any CPU.ActiveCfg = Release|Any CPU
		{4641662A-3AFC-423A-9ADB-CD20E06A23BB}.Release|Any CPU.Build.0 = Release|Any CPU
		{B908A9A7-E194-405A-877D-CA044C7B83DD}.Debug|Any CPU.ActiveCfg = Debug|Any CPU
		{B908A9A7-E194-405A-877D-CA044C7B83DD}.Debug|Any CPU.Build.0 = Debug|Any CPU
		{B908A9A7-E194-405A-877D-CA044C7B83DD}.Release|Any CPU.ActiveCfg = Release|Any CPU
		{B908A9A7-E194-405A-877D-CA044C7B83DD}.Release|Any CPU.Build.0 = Release|Any CPU
		{C82B6B48-EE7A-41B3-BEB7-489071CB58F9}.Debug|Any CPU.ActiveCfg = Debug|Any CPU
		{C82B6B48-EE7A-41B3-BEB7-489071CB58F9}.Debug|Any CPU.Build.0 = Debug|Any CPU
		{C82B6B48-EE7A-41B3-BEB7-489071CB58F9}.Release|Any CPU.ActiveCfg = Release|Any CPU
		{C82B6B48-EE7A-41B3-BEB7-489071CB58F9}.Release|Any CPU.Build.0 = Release|Any CPU
	EndGlobalSection
	GlobalSection(SolutionProperties) = preSolution
		HideSolutionNode = FALSE
	EndGlobalSection
	GlobalSection(ExtensibilityGlobals) = postSolution
		SolutionGuid = {7F6B650C-36E8-4422-9AE2-97034784B70B}
	EndGlobalSection
EndGlobal
