
Microsoft Visual Studio Solution File, Format Version 12.00
# Visual Studio Version 16
VisualStudioVersion = 16.0.29306.81
MinimumVisualStudioVersion = 10.0.40219.1
Project("{FAE04EC0-301F-11D3-BF4B-00C04F79EFBC}") = "HTEC.Api", "HTEC\HTEC.Api.csproj", "{4641662A-3AFC-423A-9ADB-CD20E06A23BB}"
EndProject
Project("{FAE04EC0-301F-11D3-BF4B-00C04F79EFBC}") = "HTEC.Domain", "HTEC.Domain\HTEC.Domain.csproj", "{B908A9A7-E194-405A-877D-CA044C7B83DD}"
EndProject
Project("{FAE04EC0-301F-11D3-BF4B-00C04F79EFBC}") = "HTEC.Infrastructure", "HTEC.Infrastructure\HTEC.Infrastructure.csproj", "{C82B6B48-EE7A-41B3-BEB7-489071CB58F9}"
EndProject
Global
	GlobalSection(SolutionConfigurationPlatforms) = preSolution
		Debug|Any CPU = Debug|Any CPU
		Release|Any CPU = Release|Any CPU
	EndGlobalSection
	GlobalSection(ProjectConfigurationPlatforms) = postSolution
		{4641662A-3AFC-423A-9ADB-CD20E06A23BB}.Debug|Any CPU.ActiveCfg = Debug|Any CPU
		{4641662A-3AFC-423A-9ADB-CD20E06A23BB}.Debug|Any CPU.Build.0 = Debug|Any CPU
		{4641662A-3AFC-423A-9ADB-CD20E06A23BB}.Release|Any CPU.ActiveCfg = Release|Any CPU
		{4641662A-3AFC-423A-9ADB-CD20E06A23BB}.Release|Any CPU.Build.0 = Release|Any CPU
		{B908A9A7-E194-405A-877D-CA044C7B83DD}.Debug|Any CPU.ActiveCfg = Debug|Any CPU
		{B908A9A7-E194-405A-877D-CA044C7B83DD}.Debug|Any CPU.Build.0 = Debug|Any CPU
		{B908A9A7-E194-405A-877D-CA044C7B83DD}.Release|Any CPU.ActiveCfg = Release|Any CPU
		{B908A9A7-E194-405A-877D-CA044C7B83DD}.Release|Any CPU.Build.0 = Release|Any CPU
		{C82B6B48-EE7A-41B3-BEB7-489071CB58F9}.Debug|Any CPU.ActiveCfg = Debug|Any CPU
		{C82B6B48-EE7A-41B3-BEB7-489071CB58F9}.Debug|Any CPU.Build.0 = Debug|Any CPU
		{C82B6B48-EE7A-41B3-BEB7-489071CB58F9}.Release|Any CPU.ActiveCfg = Release|Any CPU
		{C82B6B48-EE7A-41B3-BEB7-489071CB58F9}.Release|Any CPU.Build.0 = Release|Any CPU
	EndGlobalSection
	GlobalSection(SolutionProperties) = preSolution
		HideSolutionNode = FALSE
	EndGlobalSection
	GlobalSection(ExtensibilityGlobals) = postSolution
		SolutionGuid = {7F6B650C-36E8-4422-9AE2-97034784B70B}
	EndGlobalSection
EndGlobal
